
Microsoft Visual Studio Solution File, Format Version 12.00
# Visual Studio Version 16
VisualStudioVersion = 16.0.31129.286
MinimumVisualStudioVersion = 10.0.40219.1
Project("{FAE04EC0-301F-11D3-BF4B-00C04F79EFBC}") = "modulo_11", "modulo_11\modulo_11.csproj", "{9532EF8E-ADAD-4CBD-A4FF-FE8FB5045B03}"
EndProject
Global
	GlobalSection(SolutionConfigurationPlatforms) = preSolution
		Debug|Any CPU = Debug|Any CPU
		Release|Any CPU = Release|Any CPU
	EndGlobalSection
	GlobalSection(ProjectConfigurationPlatforms) = postSolution
		{9532EF8E-ADAD-4CBD-A4FF-FE8FB5045B03}.Debug|Any CPU.ActiveCfg = Debug|Any CPU
		{9532EF8E-ADAD-4CBD-A4FF-FE8FB5045B03}.Debug|Any CPU.Build.0 = Debug|Any CPU
		{9532EF8E-ADAD-4CBD-A4FF-FE8FB5045B03}.Release|Any CPU.ActiveCfg = Release|Any CPU
		{9532EF8E-ADAD-4CBD-A4FF-FE8FB5045B03}.Release|Any CPU.Build.0 = Release|Any CPU
	EndGlobalSection
	GlobalSection(SolutionProperties) = preSolution
		HideSolutionNode = FALSE
	EndGlobalSection
	GlobalSection(ExtensibilityGlobals) = postSolution
		SolutionGuid = {6F864D76-117D-4649-89E2-48FA60B250FA}
	EndGlobalSection
EndGlobal
